
Microsoft Visual Studio Solution File, Format Version 12.00
# Visual Studio Version 17
VisualStudioVersion = 17.3.32929.385
MinimumVisualStudioVersion = 10.0.40219.1
Project("{8BC9CEB8-8B4A-11D0-8D11-00A0C91BC942}") = "方块的识别与追踪", "方块的识别与追踪.vcxproj", "{6ABAF41A-8846-4C5C-A7F8-A396CEA488E6}"
EndProject
Global
	GlobalSection(SolutionConfigurationPlatforms) = preSolution
		Debug|x64 = Debug|x64
		Debug|x86 = Debug|x86
		Release|x64 = Release|x64
		Release|x86 = Release|x86
	EndGlobalSection
	GlobalSection(ProjectConfigurationPlatforms) = postSolution
		{6ABAF41A-8846-4C5C-A7F8-A396CEA488E6}.Debug|x64.ActiveCfg = Debug|x64
		{6ABAF41A-8846-4C5C-A7F8-A396CEA488E6}.Debug|x64.Build.0 = Debug|x64
		{6ABAF41A-8846-4C5C-A7F8-A396CEA488E6}.Debug|x86.ActiveCfg = Debug|Win32
		{6ABAF41A-8846-4C5C-A7F8-A396CEA488E6}.Debug|x86.Build.0 = Debug|Win32
		{6ABAF41A-8846-4C5C-A7F8-A396CEA488E6}.Release|x64.ActiveCfg = Release|x64
		{6ABAF41A-8846-4C5C-A7F8-A396CEA488E6}.Release|x64.Build.0 = Release|x64
		{6ABAF41A-8846-4C5C-A7F8-A396CEA488E6}.Release|x86.ActiveCfg = Release|Win32
		{6ABAF41A-8846-4C5C-A7F8-A396CEA488E6}.Release|x86.Build.0 = Release|Win32
	EndGlobalSection
	GlobalSection(SolutionProperties) = preSolution
		HideSolutionNode = FALSE
	EndGlobalSection
	GlobalSection(ExtensibilityGlobals) = postSolution
		SolutionGuid = {4025829F-0CBD-4AF4-9944-6F04EA55A444}
	EndGlobalSection
EndGlobal
